
Microsoft Visual Studio Solution File, Format Version 12.00
# Visual Studio Version 17
VisualStudioVersion = 17.6.33723.286
MinimumVisualStudioVersion = 10.0.40219.1
Project("{8BC9CEB8-8B4A-11D0-8D11-00A0C91BC942}") = "Matrix11", "Matrix11\Matrix11.vcxproj", "{34F5E742-3E3A-4A88-9CC8-4363E666F749}"
EndProject
Project("{8BC9CEB8-8B4A-11D0-8D11-00A0C91BC942}") = "Demo", "Demo\Demo.vcxproj", "{69DA39B8-D6D2-4ED6-86EB-5BD26E645200}"
EndProject
Project("{8BC9CEB8-8B4A-11D0-8D11-00A0C91BC942}") = "Generator", "Generator\Generator.vcxproj", "{99C6AB4F-8F16-43CF-AA1E-7F8FB989C82D}"
EndProject
Project("{8BC9CEB8-8B4A-11D0-8D11-00A0C91BC942}") = "Task1", "Task1\Task1.vcxproj", "{AF721A0B-44B7-423E-AA4E-CA47197E9CF3}"
EndProject
Global
	GlobalSection(SolutionConfigurationPlatforms) = preSolution
		Debug|x64 = Debug|x64
		Debug|x86 = Debug|x86
		Release|x64 = Release|x64
		Release|x86 = Release|x86
	EndGlobalSection
	GlobalSection(ProjectConfigurationPlatforms) = postSolution
		{34F5E742-3E3A-4A88-9CC8-4363E666F749}.Debug|x64.ActiveCfg = Debug|x64
		{34F5E742-3E3A-4A88-9CC8-4363E666F749}.Debug|x64.Build.0 = Debug|x64
		{34F5E742-3E3A-4A88-9CC8-4363E666F749}.Debug|x86.ActiveCfg = Debug|Win32
		{34F5E742-3E3A-4A88-9CC8-4363E666F749}.Debug|x86.Build.0 = Debug|Win32
		{34F5E742-3E3A-4A88-9CC8-4363E666F749}.Release|x64.ActiveCfg = Release|x64
		{34F5E742-3E3A-4A88-9CC8-4363E666F749}.Release|x64.Build.0 = Release|x64
		{34F5E742-3E3A-4A88-9CC8-4363E666F749}.Release|x86.ActiveCfg = Release|Win32
		{34F5E742-3E3A-4A88-9CC8-4363E666F749}.Release|x86.Build.0 = Release|Win32
		{69DA39B8-D6D2-4ED6-86EB-5BD26E645200}.Debug|x64.ActiveCfg = Debug|x64
		{69DA39B8-D6D2-4ED6-86EB-5BD26E645200}.Debug|x64.Build.0 = Debug|x64
		{69DA39B8-D6D2-4ED6-86EB-5BD26E645200}.Debug|x86.ActiveCfg = Debug|Win32
		{69DA39B8-D6D2-4ED6-86EB-5BD26E645200}.Debug|x86.Build.0 = Debug|Win32
		{69DA39B8-D6D2-4ED6-86EB-5BD26E645200}.Release|x64.ActiveCfg = Release|x64
		{69DA39B8-D6D2-4ED6-86EB-5BD26E645200}.Release|x64.Build.0 = Release|x64
		{69DA39B8-D6D2-4ED6-86EB-5BD26E645200}.Release|x86.ActiveCfg = Release|Win32
		{69DA39B8-D6D2-4ED6-86EB-5BD26E645200}.Release|x86.Build.0 = Release|Win32
		{99C6AB4F-8F16-43CF-AA1E-7F8FB989C82D}.Debug|x64.ActiveCfg = Debug|x64
		{99C6AB4F-8F16-43CF-AA1E-7F8FB989C82D}.Debug|x64.Build.0 = Debug|x64
		{99C6AB4F-8F16-43CF-AA1E-7F8FB989C82D}.Debug|x86.ActiveCfg = Debug|Win32
		{99C6AB4F-8F16-43CF-AA1E-7F8FB989C82D}.Debug|x86.Build.0 = Debug|Win32
		{99C6AB4F-8F16-43CF-AA1E-7F8FB989C82D}.Release|x64.ActiveCfg = Release|x64
		{99C6AB4F-8F16-43CF-AA1E-7F8FB989C82D}.Release|x64.Build.0 = Release|x64
		{99C6AB4F-8F16-43CF-AA1E-7F8FB989C82D}.Release|x86.ActiveCfg = Release|Win32
		{99C6AB4F-8F16-43CF-AA1E-7F8FB989C82D}.Release|x86.Build.0 = Release|Win32
		{AF721A0B-44B7-423E-AA4E-CA47197E9CF3}.Debug|x64.ActiveCfg = Debug|x64
		{AF721A0B-44B7-423E-AA4E-CA47197E9CF3}.Debug|x64.Build.0 = Debug|x64
		{AF721A0B-44B7-423E-AA4E-CA47197E9CF3}.Debug|x86.ActiveCfg = Debug|Win32
		{AF721A0B-44B7-423E-AA4E-CA47197E9CF3}.Debug|x86.Build.0 = Debug|Win32
		{AF721A0B-44B7-423E-AA4E-CA47197E9CF3}.Release|x64.ActiveCfg = Release|x64
		{AF721A0B-44B7-423E-AA4E-CA47197E9CF3}.Release|x64.Build.0 = Release|x64
		{AF721A0B-44B7-423E-AA4E-CA47197E9CF3}.Release|x86.ActiveCfg = Release|Win32
		{AF721A0B-44B7-423E-AA4E-CA47197E9CF3}.Release|x86.Build.0 = Release|Win32
	EndGlobalSection
	GlobalSection(SolutionProperties) = preSolution
		HideSolutionNode = FALSE
	EndGlobalSection
	GlobalSection(ExtensibilityGlobals) = postSolution
		SolutionGuid = {B3AC558D-013A-4CCC-B721-F533F7595591}
	EndGlobalSection
EndGlobal
